<?xml version="1.0" encoding="utf-8"?>
<Project ToolsVersion="4.0" xmlns="http://schemas.microsoft.com/developer/msbuild/2003">
  <ItemGroup>
    <Filter Include="Source Files">
      <UniqueIdentifier>{4FC737F1-C7A5-4376-A066-2A32D752A2FF}</UniqueIdentifier>
      <Extensions>cpp;cxx;c;def</Extensions>
    </Filter>
    <Filter Include="Header Files">
      <UniqueIdentifier>{93995380-89BD-4b04-88EB-625FBE52EBFB}</UniqueIdentifier>
      <Extensions>h</Extensions>
    </Filter>
    <Filter Include="Form Files">
      <UniqueIdentifier>{99349809-55BA-4b9d-BF79-8FDBB0286EB3}</UniqueIdentifier>
      <Extensions>ui</Extensions>
    </Filter>
    <Filter Include="Resource Files">
      <UniqueIdentifier>{D9D6E242-F8AF-46E4-B9FD-80ECBC20BA3E}</UniqueIdentifier>
      <Extensions>qrc;*</Extensions>
      <ParseFiles>false</ParseFiles>
    </Filter>
    <Filter Include="Generated Files">
      <UniqueIdentifier>{71ED8ED8-ACB9-4CE9-BBE1-E00B30144E11}</UniqueIdentifier>
      <Extensions>moc;h;cpp</Extensions>
      <SourceControlFiles>False</SourceControlFiles>
    </Filter>
    <Filter Include="Generated Files\Debug">
      <UniqueIdentifier>{fb51cf95-eb16-4964-b4f2-0f5ff5d039cc}</UniqueIdentifier>
      <Extensions>cpp;moc</Extensions>
      <SourceControlFiles>False</SourceControlFiles>
    </Filter>
    <Filter Include="Generated Files\Release">
      <UniqueIdentifier>{8dd8b43c-ebb2-4d00-89ec-4fe7557ab2a6}</UniqueIdentifier>
      <Extensions>cpp;moc</Extensions>
      <SourceControlFiles>False</SourceControlFiles>
    </Filter>
    <Filter Include="ZYK">
      <UniqueIdentifier>{ec0cf8b0-6d0f-446c-b2a3-a93ad08d4df4}</UniqueIdentifier>
    </Filter>
  </ItemGroup>
  <ItemGroup>
    <ClCompile Include="main.cpp">
      <Filter>Source Files</Filter>
    </ClCompile>
    <ClCompile Include="raytracer.cpp">
      <Filter>Source Files</Filter>
    </ClCompile>
    <ClCompile Include="GeneratedFiles\Debug\moc_raytracer.cpp">
      <Filter>Generated Files\Debug</Filter>
    </ClCompile>
    <ClCompile Include="GeneratedFiles\Release\moc_raytracer.cpp">
      <Filter>Generated Files\Release</Filter>
    </ClCompile>
    <ClCompile Include="GeneratedFiles\qrc_raytracer.cpp">
      <Filter>Generated Files</Filter>
    </ClCompile>
    <ClCompile Include="GlobalSys.cpp">
      <Filter>Source Files</Filter>
    </ClCompile>
    <ClCompile Include="ZYK\CPARSERV1.cpp">
      <Filter>ZYK</Filter>
    </ClCompile>
    <ClCompile Include="ZYK\Data_structure.cpp">
      <Filter>ZYK</Filter>
    </ClCompile>
    <ClCompile Include="ZYK\Image.cpp">
      <Filter>ZYK</Filter>
    </ClCompile>
    <ClCompile Include="ZYK\Objects.cpp">
      <Filter>ZYK</Filter>
    </ClCompile>
    <ClCompile Include="ZYK\glm.cpp">
      <Filter>ZYK</Filter>
    </ClCompile>
    <ClCompile Include="ZYK\mathematics.cpp">
      <Filter>ZYK</Filter>
    </ClCompile>
    <ClCompile Include="ZYK\mesh_loader.cpp">
      <Filter>ZYK</Filter>
    </ClCompile>
  </ItemGroup>
  <ItemGroup>
    <CustomBuild Include="raytracer.h">
      <Filter>Header Files</Filter>
    </CustomBuild>
    <CustomBuild Include="raytracer.ui">
      <Filter>Form Files</Filter>
    </CustomBuild>
    <CustomBuild Include="raytracer.qrc">
      <Filter>Resource Files</Filter>
    </CustomBuild>
  </ItemGroup>
  <ItemGroup>
    <ClInclude Include="GeneratedFiles\ui_raytracer.h">
      <Filter>Generated Files</Filter>
    </ClInclude>
    <ClInclude Include="GlobalSys.h">
      <Filter>Header Files</Filter>
    </ClInclude>
    <ClInclude Include="ZYK\CPARSERV1.h">
      <Filter>ZYK</Filter>
    </ClInclude>
    <ClInclude Include="ZYK\Data_structure.h">
      <Filter>ZYK</Filter>
    </ClInclude>
    <ClInclude Include="ZYK\Image.h">
      <Filter>ZYK</Filter>
    </ClInclude>
    <ClInclude Include="ZYK\stb_image.h">
      <Filter>ZYK</Filter>
    </ClInclude>
    <ClInclude Include="ZYK\Objects.h">
      <Filter>ZYK</Filter>
    </ClInclude>
    <ClInclude Include="ZYK\glm.h">
      <Filter>ZYK</Filter>
    </ClInclude>
    <ClInclude Include="ZYK\mathematics.h">
      <Filter>ZYK</Filter>
    </ClInclude>
    <ClInclude Include="ZYK\mesh_loader.h">
      <Filter>ZYK</Filter>
    </ClInclude>
    <ClInclude Include="ZYK\RandomGenerator.h">
      <Filter>ZYK</Filter>
    </ClInclude>
  </ItemGroup>
</Project>